{
  "name": "zabbix-ping-trapper",
  "version": "1.0.0",
  "lockfileVersion": 3,
  "requires": true,
  "packages": {
    "": {
      "name": "zabbix-ping-trapper",
      "version": "1.0.0",
      "license": "ISC",
      "dependencies": {
        "cron": "^4.4.0",
        "dotenv": "^17.2.3",
        "net-ping": "^1.2.4",
        "zabbix-promise": "^2.0.2"
      }
    },
    "node_modules/@types/luxon": {
      "version": "3.7.1",
      "resolved": "https://registry.npmjs.org/@types/luxon/-/luxon-3.7.1.tgz",
      "integrity": "sha512-H3iskjFIAn5SlJU7OuxUmTEpebK6TKB8rxZShDslBMZJ5u9S//KM1sbdAisiSrqwLQncVjnpi2OK2J51h+4lsg==",
      "license": "MIT"
    },
    "node_modules/cron": {
      "version": "4.4.0",
      "resolved": "https://registry.npmjs.org/cron/-/cron-4.4.0.tgz",
      "integrity": "sha512-fkdfq+b+AHI4cKdhZlppHveI/mgz2qpiYxcm+t5E5TsxX7QrLS1VE0+7GENEk9z0EeGPcpSciGv6ez24duWhwQ==",
      "license": "MIT",
      "dependencies": {
        "@types/luxon": "~3.7.0",
        "luxon": "~3.7.0"
      },
      "engines": {
        "node": ">=18.x"
      },
      "funding": {
        "type": "ko-fi",
        "url": "https://ko-fi.com/intcreator"
      }
    },
    "node_modules/dotenv": {
      "version": "17.2.3",
      "resolved": "https://registry.npmjs.org/dotenv/-/dotenv-17.2.3.tgz",
      "integrity": "sha512-JVUnt+DUIzu87TABbhPmNfVdBDt18BLOWjMUFJMSi/Qqg7NTYtabbvSNJGOJ7afbRuv9D/lngizHtP7QyLQ+9w==",
      "license": "BSD-2-Clause",
      "engines": {
        "node": ">=12"
      },
      "funding": {
        "url": "https://dotenvx.com"
      }
    },
    "node_modules/luxon": {
      "version": "3.7.2",
      "resolved": "https://registry.npmjs.org/luxon/-/luxon-3.7.2.tgz",
      "integrity": "sha512-vtEhXh/gNjI9Yg1u4jX/0YVPMvxzHuGgCm6tC5kZyb08yjGWGnqAjGJvcXbqQR2P3MyMEFnRbpcdFS6PBcLqew==",
      "license": "MIT",
      "engines": {
        "node": ">=12"
      }
    },
    "node_modules/nan": {
      "version": "2.19.0",
      "resolved": "https://registry.npmjs.org/nan/-/nan-2.19.0.tgz",
      "integrity": "sha512-nO1xXxfh/RWNxfd/XPfbIfFk5vgLsAxUR9y5O0cHMJu/AW9U95JLXqthYHjEp+8gQ5p96K9jUp8nbVOxCdRbtw==",
      "license": "MIT"
    },
    "node_modules/net-ping": {
      "version": "1.2.4",
      "resolved": "https://registry.npmjs.org/net-ping/-/net-ping-1.2.4.tgz",
      "integrity": "sha512-9IbIgPonxYj5HMkgCYXFqHF/pz462qsxA7RVLA6sI604eQyaecxVKl3yrDGHajjKZpUL1r2VBMwd0KVMnPO5Rw==",
      "license": "MIT",
      "dependencies": {
        "raw-socket": "*"
      }
    },
    "node_modules/raw-socket": {
      "version": "1.8.1",
      "resolved": "https://registry.npmjs.org/raw-socket/-/raw-socket-1.8.1.tgz",
      "integrity": "sha512-AjadKwsmroOZkAy/t9xm3wkHWN/WOJZMSryHAqABwE8A2j5DmqJevgdYR1das5xOWyoL11UFPRu7TYEDFs9vdw==",
      "hasInstallScript": true,
      "license": "MIT",
      "dependencies": {
        "nan": "2.19.*"
      }
    },
    "node_modules/zabbix-promise": {
      "version": "2.0.2",
      "resolved": "https://registry.npmjs.org/zabbix-promise/-/zabbix-promise-2.0.2.tgz",
      "integrity": "sha512-NHyAj6oEp3EyIVJssxkmyV1ZehBEq03P/4fWFx+0CuY46nh0u55YdA0XXRzziItJeQy6LIBbQ2ln44SJB1prUA==",
      "license": "MIT"
    }
  }
}
